
Microsoft Visual Studio Solution File, Format Version 12.00
# Visual Studio Version 17
VisualStudioVersion = 17.0.32112.339
MinimumVisualStudioVersion = 10.0.40219.1
Project("{9A19103F-16F7-4668-BE54-9A1E7A4F7556}") = "McHacks2022", "mchacks2022\McHacks2022.csproj", "{47ECF6D0-BA7E-438B-AE72-04052F801F36}"
EndProject
Global
	GlobalSection(SolutionConfigurationPlatforms) = preSolution
		Debug|Any CPU = Debug|Any CPU
		Release|Any CPU = Release|Any CPU
	EndGlobalSection
	GlobalSection(ProjectConfigurationPlatforms) = postSolution
		{47ECF6D0-BA7E-438B-AE72-04052F801F36}.Debug|Any CPU.ActiveCfg = Debug|Any CPU
		{47ECF6D0-BA7E-438B-AE72-04052F801F36}.Debug|Any CPU.Build.0 = Debug|Any CPU
		{47ECF6D0-BA7E-438B-AE72-04052F801F36}.Release|Any CPU.ActiveCfg = Release|Any CPU
		{47ECF6D0-BA7E-438B-AE72-04052F801F36}.Release|Any CPU.Build.0 = Release|Any CPU
	EndGlobalSection
	GlobalSection(SolutionProperties) = preSolution
		HideSolutionNode = FALSE
	EndGlobalSection
	GlobalSection(ExtensibilityGlobals) = postSolution
		SolutionGuid = {84FC825C-2224-4030-96DF-56E2D06DF8B8}
	EndGlobalSection
EndGlobal
